{
  "requires": true,
  "lockfileVersion": 1,
  "dependencies": {
    "@optionality.io/clone-factory": {
      "version": "0.1.6",
      "resolved": "https://registry.npmjs.org/@optionality.io/clone-factory/-/clone-factory-0.1.6.tgz",
      "integrity": "sha512-GLWBoscHmwzvnguYuuI4q58QgAk0NzJC7MXHnX6HDbj3UOKCWldO3fRj3iZaW4nLLwQrQdZLmNcwp6pjg/qbsQ=="
    }
  }
}
